
Microsoft Visual Studio Solution File, Format Version 12.00
# Visual Studio Version 16
VisualStudioVersion = 16.0.31229.75
MinimumVisualStudioVersion = 10.0.40219.1
Project("{8BC9CEB8-8B4A-11D0-8D11-00A0C91BC942}") = "custom", "custom\custom.vcxproj", "{5A0968EC-D19A-4300-994E-5261339BCC03}"
EndProject
Project("{888888A0-9F3D-457C-B088-3A5042F75D52}") = "TestSpace", "TestSpace\TestSpace.pyproj", "{4E498079-EA4F-483D-B5CC-CEEF6A1D26EE}"
EndProject
Global
	GlobalSection(SolutionConfigurationPlatforms) = preSolution
		Debug|Any CPU = Debug|Any CPU
		Debug|x64 = Debug|x64
		Debug|x86 = Debug|x86
		Release|Any CPU = Release|Any CPU
		Release|x64 = Release|x64
		Release|x86 = Release|x86
	EndGlobalSection
	GlobalSection(ProjectConfigurationPlatforms) = postSolution
		{5A0968EC-D19A-4300-994E-5261339BCC03}.Debug|Any CPU.ActiveCfg = Debug|Win32
		{5A0968EC-D19A-4300-994E-5261339BCC03}.Debug|x64.ActiveCfg = Debug|x64
		{5A0968EC-D19A-4300-994E-5261339BCC03}.Debug|x64.Build.0 = Debug|x64
		{5A0968EC-D19A-4300-994E-5261339BCC03}.Debug|x86.ActiveCfg = Debug|Win32
		{5A0968EC-D19A-4300-994E-5261339BCC03}.Debug|x86.Build.0 = Debug|Win32
		{5A0968EC-D19A-4300-994E-5261339BCC03}.Release|Any CPU.ActiveCfg = Release|Win32
		{5A0968EC-D19A-4300-994E-5261339BCC03}.Release|x64.ActiveCfg = Release|x64
		{5A0968EC-D19A-4300-994E-5261339BCC03}.Release|x64.Build.0 = Release|x64
		{5A0968EC-D19A-4300-994E-5261339BCC03}.Release|x86.ActiveCfg = Release|Win32
		{5A0968EC-D19A-4300-994E-5261339BCC03}.Release|x86.Build.0 = Release|Win32
		{4E498079-EA4F-483D-B5CC-CEEF6A1D26EE}.Debug|Any CPU.ActiveCfg = Debug|Any CPU
		{4E498079-EA4F-483D-B5CC-CEEF6A1D26EE}.Debug|x64.ActiveCfg = Debug|Any CPU
		{4E498079-EA4F-483D-B5CC-CEEF6A1D26EE}.Debug|x86.ActiveCfg = Debug|Any CPU
		{4E498079-EA4F-483D-B5CC-CEEF6A1D26EE}.Release|Any CPU.ActiveCfg = Release|Any CPU
		{4E498079-EA4F-483D-B5CC-CEEF6A1D26EE}.Release|x64.ActiveCfg = Release|Any CPU
		{4E498079-EA4F-483D-B5CC-CEEF6A1D26EE}.Release|x86.ActiveCfg = Release|Any CPU
	EndGlobalSection
	GlobalSection(SolutionProperties) = preSolution
		HideSolutionNode = FALSE
	EndGlobalSection
	GlobalSection(ExtensibilityGlobals) = postSolution
		SolutionGuid = {E79544FB-F3EE-47D6-B5BB-2A82CF3EB9EB}
	EndGlobalSection
EndGlobal
